// !$*UTF8*$!
{
	archiveVersion = 1;
	classes = {
	};
	objectVersion = 50;
	objects = {

/* Begin PBXBuildFile section */
		81985D1B24A3B4AB00DEA309 /* RoundedButton.swift in Sources */ = {isa = PBXBuildFile; fileRef = 81985D1A24A3B4AB00DEA309 /* RoundedButton.swift */; };
		81985D1D24A3B84700DEA309 /* HomeVC.swift in Sources */ = {isa = PBXBuildFile; fileRef = 81985D1C24A3B84700DEA309 /* HomeVC.swift */; };
		81985D2024A5028200DEA309 /* CGRect.swift in Sources */ = {isa = PBXBuildFile; fileRef = 81985D1F24A5028200DEA309 /* CGRect.swift */; };
		81FB068324A2A4F500D7D317 /* AppDelegate.swift in Sources */ = {isa = PBXBuildFile; fileRef = 81FB068224A2A4F500D7D317 /* AppDelegate.swift */; };
		81FB068524A2A4F500D7D317 /* SceneDelegate.swift in Sources */ = {isa = PBXBuildFile; fileRef = 81FB068424A2A4F500D7D317 /* SceneDelegate.swift */; };
		81FB068724A2A4F500D7D317 /* VisualizerVC.swift in Sources */ = {isa = PBXBuildFile; fileRef = 81FB068624A2A4F500D7D317 /* VisualizerVC.swift */; };
		81FB068A24A2A4F500D7D317 /* Main.storyboard in Resources */ = {isa = PBXBuildFile; fileRef = 81FB068824A2A4F500D7D317 /* Main.storyboard */; };
		81FB068D24A2A4F500D7D317 /* sorting_visualizer.xcdatamodeld in Sources */ = {isa = PBXBuildFile; fileRef = 81FB068B24A2A4F500D7D317 /* sorting_visualizer.xcdatamodeld */; };
		81FB068F24A2A4F700D7D317 /* Assets.xcassets in Resources */ = {isa = PBXBuildFile; fileRef = 81FB068E24A2A4F700D7D317 /* Assets.xcassets */; };
		81FB069224A2A4F700D7D317 /* LaunchScreen.storyboard in Resources */ = {isa = PBXBuildFile; fileRef = 81FB069024A2A4F700D7D317 /* LaunchScreen.storyboard */; };
		81FB069D24A2A52C00D7D317 /* Algorithms.swift in Sources */ = {isa = PBXBuildFile; fileRef = 81FB069C24A2A52C00D7D317 /* Algorithms.swift */; };
		81FB069F24A2A63300D7D317 /* ArrayValueBar.swift in Sources */ = {isa = PBXBuildFile; fileRef = 81FB069E24A2A63300D7D317 /* ArrayValueBar.swift */; };
/* End PBXBuildFile section */

/* Begin PBXFileReference section */
		81985D1A24A3B4AB00DEA309 /* RoundedButton.swift */ = {isa = PBXFileReference; lastKnownFileType = sourcecode.swift; path = RoundedButton.swift; sourceTree = "<group>"; };
		81985D1C24A3B84700DEA309 /* HomeVC.swift */ = {isa = PBXFileReference; lastKnownFileType = sourcecode.swift; path = HomeVC.swift; sourceTree = "<group>"; };
		81985D1F24A5028200DEA309 /* CGRect.swift */ = {isa = PBXFileReference; lastKnownFileType = sourcecode.swift; path = CGRect.swift; sourceTree = "<group>"; };
		81FB067F24A2A4F500D7D317 /* sorting-visualizer.app */ = {isa = PBXFileReference; explicitFileType = wrapper.application; includeInIndex = 0; path = "sorting-visualizer.app"; sourceTree = BUILT_PRODUCTS_DIR; };
		81FB068224A2A4F500D7D317 /* AppDelegate.swift */ = {isa = PBXFileReference; lastKnownFileType = sourcecode.swift; path = AppDelegate.swift; sourceTree = "<group>"; };
		81FB068424A2A4F500D7D317 /* SceneDelegate.swift */ = {isa = PBXFileReference; lastKnownFileType = sourcecode.swift; path = SceneDelegate.swift; sourceTree = "<group>"; };
		81FB068624A2A4F500D7D317 /* VisualizerVC.swift */ = {isa = PBXFileReference; lastKnownFileType = sourcecode.swift; path = VisualizerVC.swift; sourceTree = "<group>"; };
		81FB068924A2A4F500D7D317 /* Base */ = {isa = PBXFileReference; lastKnownFileType = file.storyboard; name = Base; path = Base.lproj/Main.storyboard; sourceTree = "<group>"; };
		81FB068C24A2A4F500D7D317 /* sorting_visualizer.xcdatamodel */ = {isa = PBXFileReference; lastKnownFileType = wrapper.xcdatamodel; path = sorting_visualizer.xcdatamodel; sourceTree = "<group>"; };
		81FB068E24A2A4F700D7D317 /* Assets.xcassets */ = {isa = PBXFileReference; lastKnownFileType = folder.assetcatalog; path = Assets.xcassets; sourceTree = "<group>"; };
		81FB069124A2A4F700D7D317 /* Base */ = {isa = PBXFileReference; lastKnownFileType = file.storyboard; name = Base; path = Base.lproj/LaunchScreen.storyboard; sourceTree = "<group>"; };
		81FB069324A2A4F700D7D317 /* Info.plist */ = {isa = PBXFileReference; lastKnownFileType = text.plist.xml; path = Info.plist; sourceTree = "<group>"; };
		81FB069C24A2A52C00D7D317 /* Algorithms.swift */ = {isa = PBXFileReference; lastKnownFileType = sourcecode.swift; path = Algorithms.swift; sourceTree = "<group>"; };
		81FB069E24A2A63300D7D317 /* ArrayValueBar.swift */ = {isa = PBXFileReference; lastKnownFileType = sourcecode.swift; path = ArrayValueBar.swift; sourceTree = "<group>"; };
/* End PBXFileReference section */

/* Begin PBXFrameworksBuildPhase section */
		81FB067C24A2A4F400D7D317 /* Frameworks */ = {
			isa = PBXFrameworksBuildPhase;
			buildActionMask = 2147483647;
			files = (
			);
			runOnlyForDeploymentPostprocessing = 0;
		};
/* End PBXFrameworksBuildPhase section */

/* Begin PBXGroup section */
		81985D1E24A5026E00DEA309 /* Extensions */ = {
			isa = PBXGroup;
			children = (
				81985D1F24A5028200DEA309 /* CGRect.swift */,
			);
			path = Extensions;
			sourceTree = "<group>";
		};
		81FB067624A2A4F400D7D317 = {
			isa = PBXGroup;
			children = (
				81FB068124A2A4F500D7D317 /* sorting-visualizer */,
				81FB068024A2A4F500D7D317 /* Products */,
			);
			sourceTree = "<group>";
		};
		81FB068024A2A4F500D7D317 /* Products */ = {
			isa = PBXGroup;
			children = (
				81FB067F24A2A4F500D7D317 /* sorting-visualizer.app */,
			);
			name = Products;
			sourceTree = "<group>";
		};
		81FB068124A2A4F500D7D317 /* sorting-visualizer */ = {
			isa = PBXGroup;
			children = (
				81985D1E24A5026E00DEA309 /* Extensions */,
				81FB069B24A2A51F00D7D317 /* Model */,
				81FB069A24A2A50F00D7D317 /* View */,
				81FB069924A2A50500D7D317 /* Controller */,
				81FB068224A2A4F500D7D317 /* AppDelegate.swift */,
				81FB068424A2A4F500D7D317 /* SceneDelegate.swift */,
				81FB068824A2A4F500D7D317 /* Main.storyboard */,
				81FB068E24A2A4F700D7D317 /* Assets.xcassets */,
				81FB069024A2A4F700D7D317 /* LaunchScreen.storyboard */,
				81FB069324A2A4F700D7D317 /* Info.plist */,
				81FB068B24A2A4F500D7D317 /* sorting_visualizer.xcdatamodeld */,
			);
			path = "sorting-visualizer";
			sourceTree = "<group>";
		};
		81FB069924A2A50500D7D317 /* Controller */ = {
			isa = PBXGroup;
			children = (
				81FB068624A2A4F500D7D317 /* VisualizerVC.swift */,
				81985D1C24A3B84700DEA309 /* HomeVC.swift */,
			);
			path = Controller;
			sourceTree = "<group>";
		};
		81FB069A24A2A50F00D7D317 /* View */ = {
			isa = PBXGroup;
			children = (
				81FB069E24A2A63300D7D317 /* ArrayValueBar.swift */,
				81985D1A24A3B4AB00DEA309 /* RoundedButton.swift */,
			);
			path = View;
			sourceTree = "<group>";
		};
		81FB069B24A2A51F00D7D317 /* Model */ = {
			isa = PBXGroup;
			children = (
				81FB069C24A2A52C00D7D317 /* Algorithms.swift */,
			);
			path = Model;
			sourceTree = "<group>";
		};
/* End PBXGroup section */

/* Begin PBXNativeTarget section */
		81FB067E24A2A4F400D7D317 /* sorting-visualizer */ = {
			isa = PBXNativeTarget;
			buildConfigurationList = 81FB069624A2A4F700D7D317 /* Build configuration list for PBXNativeTarget "sorting-visualizer" */;
			buildPhases = (
				81FB067B24A2A4F400D7D317 /* Sources */,
				81FB067C24A2A4F400D7D317 /* Frameworks */,
				81FB067D24A2A4F400D7D317 /* Resources */,
			);
			buildRules = (
			);
			dependencies = (
			);
			name = "sorting-visualizer";
			productName = "sorting-visualizer";
			productReference = 81FB067F24A2A4F500D7D317 /* sorting-visualizer.app */;
			productType = "com.apple.product-type.application";
		};
/* End PBXNativeTarget section */

/* Begin PBXProject section */
		81FB067724A2A4F400D7D317 /* Project object */ = {
			isa = PBXProject;
			attributes = {
				LastSwiftUpdateCheck = 1150;
				LastUpgradeCheck = 1150;
				ORGANIZATIONNAME = "Stefan Holmberg";
				TargetAttributes = {
					81FB067E24A2A4F400D7D317 = {
						CreatedOnToolsVersion = 11.5;
					};
				};
			};
			buildConfigurationList = 81FB067A24A2A4F400D7D317 /* Build configuration list for PBXProject "sorting-visualizer" */;
			compatibilityVersion = "Xcode 9.3";
			developmentRegion = en;
			hasScannedForEncodings = 0;
			knownRegions = (
				en,
				Base,
			);
			mainGroup = 81FB067624A2A4F400D7D317;
			productRefGroup = 81FB068024A2A4F500D7D317 /* Products */;
			projectDirPath = "";
			projectRoot = "";
			targets = (
				81FB067E24A2A4F400D7D317 /* sorting-visualizer */,
			);
		};
/* End PBXProject section */

/* Begin PBXResourcesBuildPhase section */
		81FB067D24A2A4F400D7D317 /* Resources */ = {
			isa = PBXResourcesBuildPhase;
			buildActionMask = 2147483647;
			files = (
				81FB069224A2A4F700D7D317 /* LaunchScreen.storyboard in Resources */,
				81FB068F24A2A4F700D7D317 /* Assets.xcassets in Resources */,
				81FB068A24A2A4F500D7D317 /* Main.storyboard in Resources */,
			);
			runOnlyForDeploymentPostprocessing = 0;
		};
/* End PBXResourcesBuildPhase section */

/* Begin PBXSourcesBuildPhase section */
		81FB067B24A2A4F400D7D317 /* Sources */ = {
			isa = PBXSourcesBuildPhase;
			buildActionMask = 2147483647;
			files = (
				81FB068724A2A4F500D7D317 /* VisualizerVC.swift in Sources */,
				81FB068324A2A4F500D7D317 /* AppDelegate.swift in Sources */,
				81FB068D24A2A4F500D7D317 /* sorting_visualizer.xcdatamodeld in Sources */,
				81FB069F24A2A63300D7D317 /* ArrayValueBar.swift in Sources */,
				81985D1B24A3B4AB00DEA309 /* RoundedButton.swift in Sources */,
				81FB069D24A2A52C00D7D317 /* Algorithms.swift in Sources */,
				81985D1D24A3B84700DEA309 /* HomeVC.swift in Sources */,
				81985D2024A5028200DEA309 /* CGRect.swift in Sources */,
				81FB068524A2A4F500D7D317 /* SceneDelegate.swift in Sources */,
			);
			runOnlyForDeploymentPostprocessing = 0;
		};
/* End PBXSourcesBuildPhase section */

/* Begin PBXVariantGroup section */
		81FB068824A2A4F500D7D317 /* Main.storyboard */ = {
			isa = PBXVariantGroup;
			children = (
				81FB068924A2A4F500D7D317 /* Base */,
			);
			name = Main.storyboard;
			sourceTree = "<group>";
		};
		81FB069024A2A4F700D7D317 /* LaunchScreen.storyboard */ = {
			isa = PBXVariantGroup;
			children = (
				81FB069124A2A4F700D7D317 /* Base */,
			);
			name = LaunchScreen.storyboard;
			sourceTree = "<group>";
		};
/* End PBXVariantGroup section */

/* Begin XCBuildConfiguration section */
		81FB069424A2A4F700D7D317 /* Debug */ = {
			isa = XCBuildConfiguration;
			buildSettings = {
				ALWAYS_SEARCH_USER_PATHS = NO;
				CLANG_ANALYZER_NONNULL = YES;
				CLANG_ANALYZER_NUMBER_OBJECT_CONVERSION = YES_AGGRESSIVE;
				CLANG_CXX_LANGUAGE_STANDARD = "gnu++14";
				CLANG_CXX_LIBRARY = "libc++";
				CLANG_ENABLE_MODULES = YES;
				CLANG_ENABLE_OBJC_ARC = YES;
				CLANG_ENABLE_OBJC_WEAK = YES;
				CLANG_WARN_BLOCK_CAPTURE_AUTORELEASING = YES;
				CLANG_WARN_BOOL_CONVERSION = YES;
				CLANG_WARN_COMMA = YES;
				CLANG_WARN_CONSTANT_CONVERSION = YES;
				CLANG_WARN_DEPRECATED_OBJC_IMPLEMENTATIONS = YES;
				CLANG_WARN_DIRECT_OBJC_ISA_USAGE = YES_ERROR;
				CLANG_WARN_DOCUMENTATION_COMMENTS = YES;
				CLANG_WARN_EMPTY_BODY = YES;
				CLANG_WARN_ENUM_CONVERSION = YES;
				CLANG_WARN_INFINITE_RECURSION = YES;
				CLANG_WARN_INT_CONVERSION = YES;
				CLANG_WARN_NON_LITERAL_NULL_CONVERSION = YES;
				CLANG_WARN_OBJC_IMPLICIT_RETAIN_SELF = YES;
				CLANG_WARN_OBJC_LITERAL_CONVERSION = YES;
				CLANG_WARN_OBJC_ROOT_CLASS = YES_ERROR;
				CLANG_WARN_RANGE_LOOP_ANALYSIS = YES;
				CLANG_WARN_STRICT_PROTOTYPES = YES;
				CLANG_WARN_SUSPICIOUS_MOVE = YES;
				CLANG_WARN_UNGUARDED_AVAILABILITY = YES_AGGRESSIVE;
				CLANG_WARN_UNREACHABLE_CODE = YES;
				CLANG_WARN__DUPLICATE_METHOD_MATCH = YES;
				COPY_PHASE_STRIP = NO;
				DEBUG_INFORMATION_FORMAT = dwarf;
				ENABLE_STRICT_OBJC_MSGSEND = YES;
				ENABLE_TESTABILITY = YES;
				GCC_C_LANGUAGE_STANDARD = gnu11;
				GCC_DYNAMIC_NO_PIC = NO;
				GCC_NO_COMMON_BLOCKS = YES;
				GCC_OPTIMIZATION_LEVEL = 0;
				GCC_PREPROCESSOR_DEFINITIONS = (
					"DEBUG=1",
					"$(inherited)",
				);
				GCC_WARN_64_TO_32_BIT_CONVERSION = YES;
				GCC_WARN_ABOUT_RETURN_TYPE = YES_ERROR;
				GCC_WARN_UNDECLARED_SELECTOR = YES;
				GCC_WARN_UNINITIALIZED_AUTOS = YES_AGGRESSIVE;
				GCC_WARN_UNUSED_FUNCTION = YES;
				GCC_WARN_UNUSED_VARIABLE = YES;
				IPHONEOS_DEPLOYMENT_TARGET = 13.5;
				MTL_ENABLE_DEBUG_INFO = INCLUDE_SOURCE;
				MTL_FAST_MATH = YES;
				ONLY_ACTIVE_ARCH = YES;
				SDKROOT = iphoneos;
				SWIFT_ACTIVE_COMPILATION_CONDITIONS = DEBUG;
				SWIFT_OPTIMIZATION_LEVEL = "-Onone";
			};
			name = Debug;
		};
		81FB069524A2A4F700D7D317 /* Release */ = {
			isa = XCBuildConfiguration;
			buildSettings = {
				ALWAYS_SEARCH_USER_PATHS = NO;
				CLANG_ANALYZER_NONNULL = YES;
				CLANG_ANALYZER_NUMBER_OBJECT_CONVERSION = YES_AGGRESSIVE;
				CLANG_CXX_LANGUAGE_STANDARD = "gnu++14";
				CLANG_CXX_LIBRARY = "libc++";
				CLANG_ENABLE_MODULES = YES;
				CLANG_ENABLE_OBJC_ARC = YES;
				CLANG_ENABLE_OBJC_WEAK = YES;
				CLANG_WARN_BLOCK_CAPTURE_AUTORELEASING = YES;
				CLANG_WARN_BOOL_CONVERSION = YES;
				CLANG_WARN_COMMA = YES;
				CLANG_WARN_CONSTANT_CONVERSION = YES;
				CLANG_WARN_DEPRECATED_OBJC_IMPLEMENTATIONS = YES;
				CLANG_WARN_DIRECT_OBJC_ISA_USAGE = YES_ERROR;
				CLANG_WARN_DOCUMENTATION_COMMENTS = YES;
				CLANG_WARN_EMPTY_BODY = YES;
				CLANG_WARN_ENUM_CONVERSION = YES;
				CLANG_WARN_INFINITE_RECURSION = YES;
				CLANG_WARN_INT_CONVERSION = YES;
				CLANG_WARN_NON_LITERAL_NULL_CONVERSION = YES;
				CLANG_WARN_OBJC_IMPLICIT_RETAIN_SELF = YES;
				CLANG_WARN_OBJC_LITERAL_CONVERSION = YES;
				CLANG_WARN_OBJC_ROOT_CLASS = YES_ERROR;
				CLANG_WARN_RANGE_LOOP_ANALYSIS = YES;
				CLANG_WARN_STRICT_PROTOTYPES = YES;
				CLANG_WARN_SUSPICIOUS_MOVE = YES;
				CLANG_WARN_UNGUARDED_AVAILABILITY = YES_AGGRESSIVE;
				CLANG_WARN_UNREACHABLE_CODE = YES;
				CLANG_WARN__DUPLICATE_METHOD_MATCH = YES;
				COPY_PHASE_STRIP = NO;
				DEBUG_INFORMATION_FORMAT = "dwarf-with-dsym";
				ENABLE_NS_ASSERTIONS = NO;
				ENABLE_STRICT_OBJC_MSGSEND = YES;
				GCC_C_LANGUAGE_STANDARD = gnu11;
				GCC_NO_COMMON_BLOCKS = YES;
				GCC_WARN_64_TO_32_BIT_CONVERSION = YES;
				GCC_WARN_ABOUT_RETURN_TYPE = YES_ERROR;
				GCC_WARN_UNDECLARED_SELECTOR = YES;
				GCC_WARN_UNINITIALIZED_AUTOS = YES_AGGRESSIVE;
				GCC_WARN_UNUSED_FUNCTION = YES;
				GCC_WARN_UNUSED_VARIABLE = YES;
				IPHONEOS_DEPLOYMENT_TARGET = 13.5;
				MTL_ENABLE_DEBUG_INFO = NO;
				MTL_FAST_MATH = YES;
				SDKROOT = iphoneos;
				SWIFT_COMPILATION_MODE = wholemodule;
				SWIFT_OPTIMIZATION_LEVEL = "-O";
				VALIDATE_PRODUCT = YES;
			};
			name = Release;
		};
		81FB069724A2A4F700D7D317 /* Debug */ = {
			isa = XCBuildConfiguration;
			buildSettings = {
				ASSETCATALOG_COMPILER_APPICON_NAME = AppIcon;
				CODE_SIGN_STYLE = Automatic;
				DEVELOPMENT_TEAM = ZP42QG593K;
				INFOPLIST_FILE = "sorting-visualizer/Info.plist";
				LD_RUNPATH_SEARCH_PATHS = (
					"$(inherited)",
					"@executable_path/Frameworks",
				);
				PRODUCT_BUNDLE_IDENTIFIER = "se.stefanholmberg.sorting-visualizer";
				PRODUCT_NAME = "$(TARGET_NAME)";
				SWIFT_VERSION = 5.0;
				TARGETED_DEVICE_FAMILY = "1,2";
			};
			name = Debug;
		};
		81FB069824A2A4F700D7D317 /* Release */ = {
			isa = XCBuildConfiguration;
			buildSettings = {
				ASSETCATALOG_COMPILER_APPICON_NAME = AppIcon;
				CODE_SIGN_STYLE = Automatic;
				DEVELOPMENT_TEAM = ZP42QG593K;
				INFOPLIST_FILE = "sorting-visualizer/Info.plist";
				LD_RUNPATH_SEARCH_PATHS = (
					"$(inherited)",
					"@executable_path/Frameworks",
				);
				PRODUCT_BUNDLE_IDENTIFIER = "se.stefanholmberg.sorting-visualizer";
				PRODUCT_NAME = "$(TARGET_NAME)";
				SWIFT_VERSION = 5.0;
				TARGETED_DEVICE_FAMILY = "1,2";
			};
			name = Release;
		};
/* End XCBuildConfiguration section */

/* Begin XCConfigurationList section */
		81FB067A24A2A4F400D7D317 /* Build configuration list for PBXProject "sorting-visualizer" */ = {
			isa = XCConfigurationList;
			buildConfigurations = (
				81FB069424A2A4F700D7D317 /* Debug */,
				81FB069524A2A4F700D7D317 /* Release */,
			);
			defaultConfigurationIsVisible = 0;
			defaultConfigurationName = Release;
		};
		81FB069624A2A4F700D7D317 /* Build configuration list for PBXNativeTarget "sorting-visualizer" */ = {
			isa = XCConfigurationList;
			buildConfigurations = (
				81FB069724A2A4F700D7D317 /* Debug */,
				81FB069824A2A4F700D7D317 /* Release */,
			);
			defaultConfigurationIsVisible = 0;
			defaultConfigurationName = Release;
		};
/* End XCConfigurationList section */

/* Begin XCVersionGroup section */
		81FB068B24A2A4F500D7D317 /* sorting_visualizer.xcdatamodeld */ = {
			isa = XCVersionGroup;
			children = (
				81FB068C24A2A4F500D7D317 /* sorting_visualizer.xcdatamodel */,
			);
			currentVersion = 81FB068C24A2A4F500D7D317 /* sorting_visualizer.xcdatamodel */;
			path = sorting_visualizer.xcdatamodeld;
			sourceTree = "<group>";
			versionGroupType = wrapper.xcdatamodel;
		};
/* End XCVersionGroup section */
	};
	rootObject = 81FB067724A2A4F400D7D317 /* Project object */;
}
